
Microsoft Visual Studio Solution File, Format Version 12.00
# Visual Studio Version 16
VisualStudioVersion = 16.0.30621.155
MinimumVisualStudioVersion = 10.0.40219.1
Project("{FAE04EC0-301F-11D3-BF4B-00C04F79EFBC}") = "TALLER_3_1000897727_1007111554_1214738496", "TALLER_3_1000897727_1007111554_1214738496.csproj", "{3736EA0F-5157-4B23-8928-5480D060F9A0}"
EndProject
Global
	GlobalSection(SolutionConfigurationPlatforms) = preSolution
		Debug|Any CPU = Debug|Any CPU
		Release|Any CPU = Release|Any CPU
	EndGlobalSection
	GlobalSection(ProjectConfigurationPlatforms) = postSolution
		{3736EA0F-5157-4B23-8928-5480D060F9A0}.Debug|Any CPU.ActiveCfg = Debug|Any CPU
		{3736EA0F-5157-4B23-8928-5480D060F9A0}.Debug|Any CPU.Build.0 = Debug|Any CPU
		{3736EA0F-5157-4B23-8928-5480D060F9A0}.Release|Any CPU.ActiveCfg = Release|Any CPU
		{3736EA0F-5157-4B23-8928-5480D060F9A0}.Release|Any CPU.Build.0 = Release|Any CPU
	EndGlobalSection
	GlobalSection(SolutionProperties) = preSolution
		HideSolutionNode = FALSE
	EndGlobalSection
	GlobalSection(ExtensibilityGlobals) = postSolution
		SolutionGuid = {2B1C9266-9055-42B3-A584-A8F07425A581}
	EndGlobalSection
EndGlobal
